{
  "nodes": {
    "nixpkgs": {
      "locked": {
        "lastModified": 1739525184,
        "narHash": "sha256-PTellvjegIfuo8KhVZoeGBk+2AG3NC9TmTzybAZj8vQ=",
        "owner": "nixos",
        "repo": "nixpkgs",
        "rev": "253dca97d362d0d0417f28c87af12a60f4d10a7b",
        "type": "github"
      },
      "original": {
        "owner": "nixos",
        "ref": "nixos-unstable-small",
        "repo": "nixpkgs",
        "type": "github"
      }
    },
    "root": {
      "inputs": {
        "nixpkgs": "nixpkgs"
      }
    }
  },
  "root": "root",
  "version": 7
}
